// !$*UTF8*$!
{
	archiveVersion = 1;
	classes = {
	};
	objectVersion = 56;
	objects = {

/* Begin PBXBuildFile section */
		0871FD292A79F6910069AC6C /* DI_SuiteCraftApp.swift in Sources */ = {isa = PBXBuildFile; fileRef = 0871FD282A79F6910069AC6C /* DI_SuiteCraftApp.swift */; };
		0871FD2B2A79F6910069AC6C /* ContentView.swift in Sources */ = {isa = PBXBuildFile; fileRef = 0871FD2A2A79F6910069AC6C /* ContentView.swift */; };
		0871FD2D2A79F6920069AC6C /* Assets.xcassets in Resources */ = {isa = PBXBuildFile; fileRef = 0871FD2C2A79F6920069AC6C /* Assets.xcassets */; };
		0871FD312A79F6920069AC6C /* Preview Assets.xcassets in Resources */ = {isa = PBXBuildFile; fileRef = 0871FD302A79F6920069AC6C /* Preview Assets.xcassets */; };
		0871FD582A79F8EC0069AC6C /* SignupWebService.swift in Sources */ = {isa = PBXBuildFile; fileRef = 0871FD572A79F8EC0069AC6C /* SignupWebService.swift */; };
		0871FD5B2A79FAA40069AC6C /* SignupError.swift in Sources */ = {isa = PBXBuildFile; fileRef = 0871FD5A2A79FAA40069AC6C /* SignupError.swift */; };
		0871FD5D2A79FBCE0069AC6C /* SignupFormRequestModel.swift in Sources */ = {isa = PBXBuildFile; fileRef = 0871FD5C2A79FBCE0069AC6C /* SignupFormRequestModel.swift */; };
		0871FD5F2A79FDEE0069AC6C /* SignupResponseModel.swift in Sources */ = {isa = PBXBuildFile; fileRef = 0871FD5E2A79FDEE0069AC6C /* SignupResponseModel.swift */; };
		0871FD612A79FE260069AC6C /* SignupFormModelValidator.swift in Sources */ = {isa = PBXBuildFile; fileRef = 0871FD602A79FE260069AC6C /* SignupFormModelValidator.swift */; };
		0871FD632A79FE820069AC6C /* SignupConstants.swift in Sources */ = {isa = PBXBuildFile; fileRef = 0871FD622A79FE820069AC6C /* SignupConstants.swift */; };
		0871FD672A7A04460069AC6C /* SignupFormModelValidatorTests.swift in Sources */ = {isa = PBXBuildFile; fileRef = 0871FD642A7A032E0069AC6C /* SignupFormModelValidatorTests.swift */; };
		0871FD6D2A7A07A00069AC6C /* MockURLProtocol.swift in Sources */ = {isa = PBXBuildFile; fileRef = 0871FD6C2A7A07A00069AC6C /* MockURLProtocol.swift */; };
		0871FD6F2A7A08D90069AC6C /* SignupWebServiceTests.swift in Sources */ = {isa = PBXBuildFile; fileRef = 0871FD6E2A7A08D90069AC6C /* SignupWebServiceTests.swift */; };
/* End PBXBuildFile section */

/* Begin PBXContainerItemProxy section */
		0871FD372A79F6920069AC6C /* PBXContainerItemProxy */ = {
			isa = PBXContainerItemProxy;
			containerPortal = 0871FD1D2A79F6910069AC6C /* Project object */;
			proxyType = 1;
			remoteGlobalIDString = 0871FD242A79F6910069AC6C;
			remoteInfo = "DI-SuiteCraft";
		};
		0871FD412A79F6920069AC6C /* PBXContainerItemProxy */ = {
			isa = PBXContainerItemProxy;
			containerPortal = 0871FD1D2A79F6910069AC6C /* Project object */;
			proxyType = 1;
			remoteGlobalIDString = 0871FD242A79F6910069AC6C;
			remoteInfo = "DI-SuiteCraft";
		};
/* End PBXContainerItemProxy section */

/* Begin PBXFileReference section */
		082DE3C32A7C96EA00748959 /* DI-SuiteCraftTests.xctestplan */ = {isa = PBXFileReference; lastKnownFileType = text; path = "DI-SuiteCraftTests.xctestplan"; sourceTree = "<group>"; };
		0871FD252A79F6910069AC6C /* DI-SuiteCraft.app */ = {isa = PBXFileReference; explicitFileType = wrapper.application; includeInIndex = 0; path = "DI-SuiteCraft.app"; sourceTree = BUILT_PRODUCTS_DIR; };
		0871FD282A79F6910069AC6C /* DI_SuiteCraftApp.swift */ = {isa = PBXFileReference; lastKnownFileType = sourcecode.swift; path = DI_SuiteCraftApp.swift; sourceTree = "<group>"; };
		0871FD2A2A79F6910069AC6C /* ContentView.swift */ = {isa = PBXFileReference; lastKnownFileType = sourcecode.swift; path = ContentView.swift; sourceTree = "<group>"; };
		0871FD2C2A79F6920069AC6C /* Assets.xcassets */ = {isa = PBXFileReference; lastKnownFileType = folder.assetcatalog; path = Assets.xcassets; sourceTree = "<group>"; };
		0871FD2E2A79F6920069AC6C /* DI_SuiteCraft.entitlements */ = {isa = PBXFileReference; lastKnownFileType = text.plist.entitlements; path = DI_SuiteCraft.entitlements; sourceTree = "<group>"; };
		0871FD302A79F6920069AC6C /* Preview Assets.xcassets */ = {isa = PBXFileReference; lastKnownFileType = folder.assetcatalog; path = "Preview Assets.xcassets"; sourceTree = "<group>"; };
		0871FD362A79F6920069AC6C /* DI-SuiteCraftTests.xctest */ = {isa = PBXFileReference; explicitFileType = wrapper.cfbundle; includeInIndex = 0; path = "DI-SuiteCraftTests.xctest"; sourceTree = BUILT_PRODUCTS_DIR; };
		0871FD402A79F6920069AC6C /* DI-SuiteCraftUITests.xctest */ = {isa = PBXFileReference; explicitFileType = wrapper.cfbundle; includeInIndex = 0; path = "DI-SuiteCraftUITests.xctest"; sourceTree = BUILT_PRODUCTS_DIR; };
		0871FD572A79F8EC0069AC6C /* SignupWebService.swift */ = {isa = PBXFileReference; lastKnownFileType = sourcecode.swift; path = SignupWebService.swift; sourceTree = "<group>"; };
		0871FD5A2A79FAA40069AC6C /* SignupError.swift */ = {isa = PBXFileReference; lastKnownFileType = sourcecode.swift; path = SignupError.swift; sourceTree = "<group>"; };
		0871FD5C2A79FBCE0069AC6C /* SignupFormRequestModel.swift */ = {isa = PBXFileReference; lastKnownFileType = sourcecode.swift; path = SignupFormRequestModel.swift; sourceTree = "<group>"; };
		0871FD5E2A79FDEE0069AC6C /* SignupResponseModel.swift */ = {isa = PBXFileReference; lastKnownFileType = sourcecode.swift; path = SignupResponseModel.swift; sourceTree = "<group>"; };
		0871FD602A79FE260069AC6C /* SignupFormModelValidator.swift */ = {isa = PBXFileReference; lastKnownFileType = sourcecode.swift; path = SignupFormModelValidator.swift; sourceTree = "<group>"; };
		0871FD622A79FE820069AC6C /* SignupConstants.swift */ = {isa = PBXFileReference; lastKnownFileType = sourcecode.swift; path = SignupConstants.swift; sourceTree = "<group>"; };
		0871FD642A7A032E0069AC6C /* SignupFormModelValidatorTests.swift */ = {isa = PBXFileReference; lastKnownFileType = sourcecode.swift; path = SignupFormModelValidatorTests.swift; sourceTree = "<group>"; };
		0871FD6C2A7A07A00069AC6C /* MockURLProtocol.swift */ = {isa = PBXFileReference; lastKnownFileType = sourcecode.swift; path = MockURLProtocol.swift; sourceTree = "<group>"; };
		0871FD6E2A7A08D90069AC6C /* SignupWebServiceTests.swift */ = {isa = PBXFileReference; lastKnownFileType = sourcecode.swift; path = SignupWebServiceTests.swift; sourceTree = "<group>"; };
/* End PBXFileReference section */

/* Begin PBXFrameworksBuildPhase section */
		0871FD222A79F6910069AC6C /* Frameworks */ = {
			isa = PBXFrameworksBuildPhase;
			buildActionMask = 2147483647;
			files = (
			);
			runOnlyForDeploymentPostprocessing = 0;
		};
		0871FD332A79F6920069AC6C /* Frameworks */ = {
			isa = PBXFrameworksBuildPhase;
			buildActionMask = 2147483647;
			files = (
			);
			runOnlyForDeploymentPostprocessing = 0;
		};
		0871FD3D2A79F6920069AC6C /* Frameworks */ = {
			isa = PBXFrameworksBuildPhase;
			buildActionMask = 2147483647;
			files = (
			);
			runOnlyForDeploymentPostprocessing = 0;
		};
/* End PBXFrameworksBuildPhase section */

/* Begin PBXGroup section */
		0871FD1C2A79F6910069AC6C = {
			isa = PBXGroup;
			children = (
				082DE3C32A7C96EA00748959 /* DI-SuiteCraftTests.xctestplan */,
				0871FD272A79F6910069AC6C /* DI-SuiteCraft */,
				0871FD392A79F6920069AC6C /* DI-SuiteCraftTests */,
				0871FD262A79F6910069AC6C /* Products */,
			);
			sourceTree = "<group>";
		};
		0871FD262A79F6910069AC6C /* Products */ = {
			isa = PBXGroup;
			children = (
				0871FD252A79F6910069AC6C /* DI-SuiteCraft.app */,
				0871FD362A79F6920069AC6C /* DI-SuiteCraftTests.xctest */,
				0871FD402A79F6920069AC6C /* DI-SuiteCraftUITests.xctest */,
			);
			name = Products;
			sourceTree = "<group>";
		};
		0871FD272A79F6910069AC6C /* DI-SuiteCraft */ = {
			isa = PBXGroup;
			children = (
				0871FD542A79F8AA0069AC6C /* Signup */,
				0871FD532A79F88F0069AC6C /* UserInterface */,
				0871FD2C2A79F6920069AC6C /* Assets.xcassets */,
				0871FD2E2A79F6920069AC6C /* DI_SuiteCraft.entitlements */,
				0871FD2F2A79F6920069AC6C /* Preview Content */,
			);
			path = "DI-SuiteCraft";
			sourceTree = "<group>";
		};
		0871FD2F2A79F6920069AC6C /* Preview Content */ = {
			isa = PBXGroup;
			children = (
				0871FD302A79F6920069AC6C /* Preview Assets.xcassets */,
			);
			path = "Preview Content";
			sourceTree = "<group>";
		};
		0871FD392A79F6920069AC6C /* DI-SuiteCraftTests */ = {
			isa = PBXGroup;
			children = (
				0871FD692A7A07560069AC6C /* NetworkTests */,
				0871FD682A7A073E0069AC6C /* ModelTests */,
			);
			path = "DI-SuiteCraftTests";
			sourceTree = "<group>";
		};
		0871FD532A79F88F0069AC6C /* UserInterface */ = {
			isa = PBXGroup;
			children = (
				0871FD2A2A79F6910069AC6C /* ContentView.swift */,
				0871FD282A79F6910069AC6C /* DI_SuiteCraftApp.swift */,
			);
			path = UserInterface;
			sourceTree = "<group>";
		};
		0871FD542A79F8AA0069AC6C /* Signup */ = {
			isa = PBXGroup;
			children = (
				0871FD562A79F8D70069AC6C /* Models */,
				0871FD552A79F8C80069AC6C /* Network */,
			);
			path = Signup;
			sourceTree = "<group>";
		};
		0871FD552A79F8C80069AC6C /* Network */ = {
			isa = PBXGroup;
			children = (
				0871FD572A79F8EC0069AC6C /* SignupWebService.swift */,
			);
			path = Network;
			sourceTree = "<group>";
		};
		0871FD562A79F8D70069AC6C /* Models */ = {
			isa = PBXGroup;
			children = (
				0871FD5A2A79FAA40069AC6C /* SignupError.swift */,
				0871FD5C2A79FBCE0069AC6C /* SignupFormRequestModel.swift */,
				0871FD5E2A79FDEE0069AC6C /* SignupResponseModel.swift */,
				0871FD602A79FE260069AC6C /* SignupFormModelValidator.swift */,
				0871FD622A79FE820069AC6C /* SignupConstants.swift */,
			);
			path = Models;
			sourceTree = "<group>";
		};
		0871FD682A7A073E0069AC6C /* ModelTests */ = {
			isa = PBXGroup;
			children = (
				0871FD642A7A032E0069AC6C /* SignupFormModelValidatorTests.swift */,
			);
			path = ModelTests;
			sourceTree = "<group>";
		};
		0871FD692A7A07560069AC6C /* NetworkTests */ = {
			isa = PBXGroup;
			children = (
				0871FD6C2A7A07A00069AC6C /* MockURLProtocol.swift */,
				0871FD6E2A7A08D90069AC6C /* SignupWebServiceTests.swift */,
			);
			path = NetworkTests;
			sourceTree = "<group>";
		};
/* End PBXGroup section */

/* Begin PBXNativeTarget section */
		0871FD242A79F6910069AC6C /* DI-SuiteCraft */ = {
			isa = PBXNativeTarget;
			buildConfigurationList = 0871FD4A2A79F6920069AC6C /* Build configuration list for PBXNativeTarget "DI-SuiteCraft" */;
			buildPhases = (
				0871FD212A79F6910069AC6C /* Sources */,
				0871FD222A79F6910069AC6C /* Frameworks */,
				0871FD232A79F6910069AC6C /* Resources */,
			);
			buildRules = (
			);
			dependencies = (
			);
			name = "DI-SuiteCraft";
			productName = "DI-SuiteCraft";
			productReference = 0871FD252A79F6910069AC6C /* DI-SuiteCraft.app */;
			productType = "com.apple.product-type.application";
		};
		0871FD352A79F6920069AC6C /* DI-SuiteCraftTests */ = {
			isa = PBXNativeTarget;
			buildConfigurationList = 0871FD4D2A79F6920069AC6C /* Build configuration list for PBXNativeTarget "DI-SuiteCraftTests" */;
			buildPhases = (
				0871FD322A79F6920069AC6C /* Sources */,
				0871FD332A79F6920069AC6C /* Frameworks */,
				0871FD342A79F6920069AC6C /* Resources */,
			);
			buildRules = (
			);
			dependencies = (
				0871FD382A79F6920069AC6C /* PBXTargetDependency */,
			);
			name = "DI-SuiteCraftTests";
			productName = "DI-SuiteCraftTests";
			productReference = 0871FD362A79F6920069AC6C /* DI-SuiteCraftTests.xctest */;
			productType = "com.apple.product-type.bundle.unit-test";
		};
		0871FD3F2A79F6920069AC6C /* DI-SuiteCraftUITests */ = {
			isa = PBXNativeTarget;
			buildConfigurationList = 0871FD502A79F6920069AC6C /* Build configuration list for PBXNativeTarget "DI-SuiteCraftUITests" */;
			buildPhases = (
				0871FD3C2A79F6920069AC6C /* Sources */,
				0871FD3D2A79F6920069AC6C /* Frameworks */,
				0871FD3E2A79F6920069AC6C /* Resources */,
			);
			buildRules = (
			);
			dependencies = (
				0871FD422A79F6920069AC6C /* PBXTargetDependency */,
			);
			name = "DI-SuiteCraftUITests";
			productName = "DI-SuiteCraftUITests";
			productReference = 0871FD402A79F6920069AC6C /* DI-SuiteCraftUITests.xctest */;
			productType = "com.apple.product-type.bundle.ui-testing";
		};
/* End PBXNativeTarget section */

/* Begin PBXProject section */
		0871FD1D2A79F6910069AC6C /* Project object */ = {
			isa = PBXProject;
			attributes = {
				BuildIndependentTargetsInParallel = 1;
				LastSwiftUpdateCheck = 1430;
				LastUpgradeCheck = 1430;
				TargetAttributes = {
					0871FD242A79F6910069AC6C = {
						CreatedOnToolsVersion = 14.3.1;
					};
					0871FD352A79F6920069AC6C = {
						CreatedOnToolsVersion = 14.3.1;
						LastSwiftMigration = 1430;
						TestTargetID = 0871FD242A79F6910069AC6C;
					};
					0871FD3F2A79F6920069AC6C = {
						CreatedOnToolsVersion = 14.3.1;
						TestTargetID = 0871FD242A79F6910069AC6C;
					};
				};
			};
			buildConfigurationList = 0871FD202A79F6910069AC6C /* Build configuration list for PBXProject "DI-SuiteCraft" */;
			compatibilityVersion = "Xcode 14.0";
			developmentRegion = en;
			hasScannedForEncodings = 0;
			knownRegions = (
				en,
				Base,
			);
			mainGroup = 0871FD1C2A79F6910069AC6C;
			productRefGroup = 0871FD262A79F6910069AC6C /* Products */;
			projectDirPath = "";
			projectRoot = "";
			targets = (
				0871FD242A79F6910069AC6C /* DI-SuiteCraft */,
				0871FD352A79F6920069AC6C /* DI-SuiteCraftTests */,
				0871FD3F2A79F6920069AC6C /* DI-SuiteCraftUITests */,
			);
		};
/* End PBXProject section */

/* Begin PBXResourcesBuildPhase section */
		0871FD232A79F6910069AC6C /* Resources */ = {
			isa = PBXResourcesBuildPhase;
			buildActionMask = 2147483647;
			files = (
				0871FD312A79F6920069AC6C /* Preview Assets.xcassets in Resources */,
				0871FD2D2A79F6920069AC6C /* Assets.xcassets in Resources */,
			);
			runOnlyForDeploymentPostprocessing = 0;
		};
		0871FD342A79F6920069AC6C /* Resources */ = {
			isa = PBXResourcesBuildPhase;
			buildActionMask = 2147483647;
			files = (
			);
			runOnlyForDeploymentPostprocessing = 0;
		};
		0871FD3E2A79F6920069AC6C /* Resources */ = {
			isa = PBXResourcesBuildPhase;
			buildActionMask = 2147483647;
			files = (
			);
			runOnlyForDeploymentPostprocessing = 0;
		};
/* End PBXResourcesBuildPhase section */

/* Begin PBXSourcesBuildPhase section */
		0871FD212A79F6910069AC6C /* Sources */ = {
			isa = PBXSourcesBuildPhase;
			buildActionMask = 2147483647;
			files = (
				0871FD5B2A79FAA40069AC6C /* SignupError.swift in Sources */,
				0871FD2B2A79F6910069AC6C /* ContentView.swift in Sources */,
				0871FD582A79F8EC0069AC6C /* SignupWebService.swift in Sources */,
				0871FD632A79FE820069AC6C /* SignupConstants.swift in Sources */,
				0871FD612A79FE260069AC6C /* SignupFormModelValidator.swift in Sources */,
				0871FD5D2A79FBCE0069AC6C /* SignupFormRequestModel.swift in Sources */,
				0871FD5F2A79FDEE0069AC6C /* SignupResponseModel.swift in Sources */,
				0871FD292A79F6910069AC6C /* DI_SuiteCraftApp.swift in Sources */,
			);
			runOnlyForDeploymentPostprocessing = 0;
		};
		0871FD322A79F6920069AC6C /* Sources */ = {
			isa = PBXSourcesBuildPhase;
			buildActionMask = 2147483647;
			files = (
				0871FD6F2A7A08D90069AC6C /* SignupWebServiceTests.swift in Sources */,
				0871FD672A7A04460069AC6C /* SignupFormModelValidatorTests.swift in Sources */,
				0871FD6D2A7A07A00069AC6C /* MockURLProtocol.swift in Sources */,
			);
			runOnlyForDeploymentPostprocessing = 0;
		};
		0871FD3C2A79F6920069AC6C /* Sources */ = {
			isa = PBXSourcesBuildPhase;
			buildActionMask = 2147483647;
			files = (
			);
			runOnlyForDeploymentPostprocessing = 0;
		};
/* End PBXSourcesBuildPhase section */

/* Begin PBXTargetDependency section */
		0871FD382A79F6920069AC6C /* PBXTargetDependency */ = {
			isa = PBXTargetDependency;
			target = 0871FD242A79F6910069AC6C /* DI-SuiteCraft */;
			targetProxy = 0871FD372A79F6920069AC6C /* PBXContainerItemProxy */;
		};
		0871FD422A79F6920069AC6C /* PBXTargetDependency */ = {
			isa = PBXTargetDependency;
			target = 0871FD242A79F6910069AC6C /* DI-SuiteCraft */;
			targetProxy = 0871FD412A79F6920069AC6C /* PBXContainerItemProxy */;
		};
/* End PBXTargetDependency section */

/* Begin XCBuildConfiguration section */
		0871FD482A79F6920069AC6C /* Debug */ = {
			isa = XCBuildConfiguration;
			buildSettings = {
				ALWAYS_SEARCH_USER_PATHS = NO;
				CLANG_ANALYZER_NONNULL = YES;
				CLANG_ANALYZER_NUMBER_OBJECT_CONVERSION = YES_AGGRESSIVE;
				CLANG_CXX_LANGUAGE_STANDARD = "gnu++20";
				CLANG_ENABLE_MODULES = YES;
				CLANG_ENABLE_OBJC_ARC = YES;
				CLANG_ENABLE_OBJC_WEAK = YES;
				CLANG_WARN_BLOCK_CAPTURE_AUTORELEASING = YES;
				CLANG_WARN_BOOL_CONVERSION = YES;
				CLANG_WARN_COMMA = YES;
				CLANG_WARN_CONSTANT_CONVERSION = YES;
				CLANG_WARN_DEPRECATED_OBJC_IMPLEMENTATIONS = YES;
				CLANG_WARN_DIRECT_OBJC_ISA_USAGE = YES_ERROR;
				CLANG_WARN_DOCUMENTATION_COMMENTS = YES;
				CLANG_WARN_EMPTY_BODY = YES;
				CLANG_WARN_ENUM_CONVERSION = YES;
				CLANG_WARN_INFINITE_RECURSION = YES;
				CLANG_WARN_INT_CONVERSION = YES;
				CLANG_WARN_NON_LITERAL_NULL_CONVERSION = YES;
				CLANG_WARN_OBJC_IMPLICIT_RETAIN_SELF = YES;
				CLANG_WARN_OBJC_LITERAL_CONVERSION = YES;
				CLANG_WARN_OBJC_ROOT_CLASS = YES_ERROR;
				CLANG_WARN_QUOTED_INCLUDE_IN_FRAMEWORK_HEADER = YES;
				CLANG_WARN_RANGE_LOOP_ANALYSIS = YES;
				CLANG_WARN_STRICT_PROTOTYPES = YES;
				CLANG_WARN_SUSPICIOUS_MOVE = YES;
				CLANG_WARN_UNGUARDED_AVAILABILITY = YES_AGGRESSIVE;
				CLANG_WARN_UNREACHABLE_CODE = YES;
				CLANG_WARN__DUPLICATE_METHOD_MATCH = YES;
				COPY_PHASE_STRIP = NO;
				DEBUG_INFORMATION_FORMAT = dwarf;
				ENABLE_STRICT_OBJC_MSGSEND = YES;
				ENABLE_TESTABILITY = YES;
				GCC_C_LANGUAGE_STANDARD = gnu11;
				GCC_DYNAMIC_NO_PIC = NO;
				GCC_NO_COMMON_BLOCKS = YES;
				GCC_OPTIMIZATION_LEVEL = 0;
				GCC_PREPROCESSOR_DEFINITIONS = (
					"DEBUG=1",
					"$(inherited)",
				);
				GCC_WARN_64_TO_32_BIT_CONVERSION = YES;
				GCC_WARN_ABOUT_RETURN_TYPE = YES_ERROR;
				GCC_WARN_UNDECLARED_SELECTOR = YES;
				GCC_WARN_UNINITIALIZED_AUTOS = YES_AGGRESSIVE;
				GCC_WARN_UNUSED_FUNCTION = YES;
				GCC_WARN_UNUSED_VARIABLE = YES;
				MTL_ENABLE_DEBUG_INFO = INCLUDE_SOURCE;
				MTL_FAST_MATH = YES;
				ONLY_ACTIVE_ARCH = YES;
				SWIFT_ACTIVE_COMPILATION_CONDITIONS = DEBUG;
				SWIFT_OPTIMIZATION_LEVEL = "-Onone";
			};
			name = Debug;
		};
		0871FD492A79F6920069AC6C /* Release */ = {
			isa = XCBuildConfiguration;
			buildSettings = {
				ALWAYS_SEARCH_USER_PATHS = NO;
				CLANG_ANALYZER_NONNULL = YES;
				CLANG_ANALYZER_NUMBER_OBJECT_CONVERSION = YES_AGGRESSIVE;
				CLANG_CXX_LANGUAGE_STANDARD = "gnu++20";
				CLANG_ENABLE_MODULES = YES;
				CLANG_ENABLE_OBJC_ARC = YES;
				CLANG_ENABLE_OBJC_WEAK = YES;
				CLANG_WARN_BLOCK_CAPTURE_AUTORELEASING = YES;
				CLANG_WARN_BOOL_CONVERSION = YES;
				CLANG_WARN_COMMA = YES;
				CLANG_WARN_CONSTANT_CONVERSION = YES;
				CLANG_WARN_DEPRECATED_OBJC_IMPLEMENTATIONS = YES;
				CLANG_WARN_DIRECT_OBJC_ISA_USAGE = YES_ERROR;
				CLANG_WARN_DOCUMENTATION_COMMENTS = YES;
				CLANG_WARN_EMPTY_BODY = YES;
				CLANG_WARN_ENUM_CONVERSION = YES;
				CLANG_WARN_INFINITE_RECURSION = YES;
				CLANG_WARN_INT_CONVERSION = YES;
				CLANG_WARN_NON_LITERAL_NULL_CONVERSION = YES;
				CLANG_WARN_OBJC_IMPLICIT_RETAIN_SELF = YES;
				CLANG_WARN_OBJC_LITERAL_CONVERSION = YES;
				CLANG_WARN_OBJC_ROOT_CLASS = YES_ERROR;
				CLANG_WARN_QUOTED_INCLUDE_IN_FRAMEWORK_HEADER = YES;
				CLANG_WARN_RANGE_LOOP_ANALYSIS = YES;
				CLANG_WARN_STRICT_PROTOTYPES = YES;
				CLANG_WARN_SUSPICIOUS_MOVE = YES;
				CLANG_WARN_UNGUARDED_AVAILABILITY = YES_AGGRESSIVE;
				CLANG_WARN_UNREACHABLE_CODE = YES;
				CLANG_WARN__DUPLICATE_METHOD_MATCH = YES;
				COPY_PHASE_STRIP = NO;
				DEBUG_INFORMATION_FORMAT = "dwarf-with-dsym";
				ENABLE_NS_ASSERTIONS = NO;
				ENABLE_STRICT_OBJC_MSGSEND = YES;
				GCC_C_LANGUAGE_STANDARD = gnu11;
				GCC_NO_COMMON_BLOCKS = YES;
				GCC_WARN_64_TO_32_BIT_CONVERSION = YES;
				GCC_WARN_ABOUT_RETURN_TYPE = YES_ERROR;
				GCC_WARN_UNDECLARED_SELECTOR = YES;
				GCC_WARN_UNINITIALIZED_AUTOS = YES_AGGRESSIVE;
				GCC_WARN_UNUSED_FUNCTION = YES;
				GCC_WARN_UNUSED_VARIABLE = YES;
				MTL_ENABLE_DEBUG_INFO = NO;
				MTL_FAST_MATH = YES;
				SWIFT_COMPILATION_MODE = wholemodule;
				SWIFT_OPTIMIZATION_LEVEL = "-O";
			};
			name = Release;
		};
		0871FD4B2A79F6920069AC6C /* Debug */ = {
			isa = XCBuildConfiguration;
			buildSettings = {
				ASSETCATALOG_COMPILER_APPICON_NAME = AppIcon;
				ASSETCATALOG_COMPILER_GLOBAL_ACCENT_COLOR_NAME = AccentColor;
				CODE_SIGN_ENTITLEMENTS = "DI-SuiteCraft/DI_SuiteCraft.entitlements";
				"CODE_SIGN_IDENTITY[sdk=macosx*]" = "Apple Development";
				CODE_SIGN_STYLE = Automatic;
				CURRENT_PROJECT_VERSION = 1;
				DEVELOPMENT_ASSET_PATHS = "\"DI-SuiteCraft/Preview Content\"";
				DEVELOPMENT_TEAM = 25DZPJJA4Y;
				ENABLE_HARDENED_RUNTIME = YES;
				ENABLE_PREVIEWS = YES;
				GENERATE_INFOPLIST_FILE = YES;
				"INFOPLIST_KEY_UIApplicationSceneManifest_Generation[sdk=iphoneos*]" = YES;
				"INFOPLIST_KEY_UIApplicationSceneManifest_Generation[sdk=iphonesimulator*]" = YES;
				"INFOPLIST_KEY_UIApplicationSupportsIndirectInputEvents[sdk=iphoneos*]" = YES;
				"INFOPLIST_KEY_UIApplicationSupportsIndirectInputEvents[sdk=iphonesimulator*]" = YES;
				"INFOPLIST_KEY_UILaunchScreen_Generation[sdk=iphoneos*]" = YES;
				"INFOPLIST_KEY_UILaunchScreen_Generation[sdk=iphonesimulator*]" = YES;
				"INFOPLIST_KEY_UIStatusBarStyle[sdk=iphoneos*]" = UIStatusBarStyleDefault;
				"INFOPLIST_KEY_UIStatusBarStyle[sdk=iphonesimulator*]" = UIStatusBarStyleDefault;
				INFOPLIST_KEY_UISupportedInterfaceOrientations_iPad = "UIInterfaceOrientationPortrait UIInterfaceOrientationPortraitUpsideDown UIInterfaceOrientationLandscapeLeft UIInterfaceOrientationLandscapeRight";
				INFOPLIST_KEY_UISupportedInterfaceOrientations_iPhone = "UIInterfaceOrientationPortrait UIInterfaceOrientationLandscapeLeft UIInterfaceOrientationLandscapeRight";
				IPHONEOS_DEPLOYMENT_TARGET = 16.4;
				LD_RUNPATH_SEARCH_PATHS = "@executable_path/Frameworks";
				"LD_RUNPATH_SEARCH_PATHS[sdk=macosx*]" = "@executable_path/../Frameworks";
				MACOSX_DEPLOYMENT_TARGET = 13.0;
				MARKETING_VERSION = 1.0;
				PRODUCT_BUNDLE_IDENTIFIER = "com.ipavlov.DI-SuiteCraft";
				PRODUCT_NAME = "$(TARGET_NAME)";
				SDKROOT = auto;
				SUPPORTED_PLATFORMS = "iphoneos iphonesimulator macosx";
				SWIFT_EMIT_LOC_STRINGS = YES;
				SWIFT_VERSION = 5.0;
				TARGETED_DEVICE_FAMILY = "1,2";
			};
			name = Debug;
		};
		0871FD4C2A79F6920069AC6C /* Release */ = {
			isa = XCBuildConfiguration;
			buildSettings = {
				ASSETCATALOG_COMPILER_APPICON_NAME = AppIcon;
				ASSETCATALOG_COMPILER_GLOBAL_ACCENT_COLOR_NAME = AccentColor;
				CODE_SIGN_ENTITLEMENTS = "DI-SuiteCraft/DI_SuiteCraft.entitlements";
				"CODE_SIGN_IDENTITY[sdk=macosx*]" = "Apple Development";
				CODE_SIGN_STYLE = Automatic;
				CURRENT_PROJECT_VERSION = 1;
				DEVELOPMENT_ASSET_PATHS = "\"DI-SuiteCraft/Preview Content\"";
				DEVELOPMENT_TEAM = 25DZPJJA4Y;
				ENABLE_HARDENED_RUNTIME = YES;
				ENABLE_PREVIEWS = YES;
				GENERATE_INFOPLIST_FILE = YES;
				"INFOPLIST_KEY_UIApplicationSceneManifest_Generation[sdk=iphoneos*]" = YES;
				"INFOPLIST_KEY_UIApplicationSceneManifest_Generation[sdk=iphonesimulator*]" = YES;
				"INFOPLIST_KEY_UIApplicationSupportsIndirectInputEvents[sdk=iphoneos*]" = YES;
				"INFOPLIST_KEY_UIApplicationSupportsIndirectInputEvents[sdk=iphonesimulator*]" = YES;
				"INFOPLIST_KEY_UILaunchScreen_Generation[sdk=iphoneos*]" = YES;
				"INFOPLIST_KEY_UILaunchScreen_Generation[sdk=iphonesimulator*]" = YES;
				"INFOPLIST_KEY_UIStatusBarStyle[sdk=iphoneos*]" = UIStatusBarStyleDefault;
				"INFOPLIST_KEY_UIStatusBarStyle[sdk=iphonesimulator*]" = UIStatusBarStyleDefault;
				INFOPLIST_KEY_UISupportedInterfaceOrientations_iPad = "UIInterfaceOrientationPortrait UIInterfaceOrientationPortraitUpsideDown UIInterfaceOrientationLandscapeLeft UIInterfaceOrientationLandscapeRight";
				INFOPLIST_KEY_UISupportedInterfaceOrientations_iPhone = "UIInterfaceOrientationPortrait UIInterfaceOrientationLandscapeLeft UIInterfaceOrientationLandscapeRight";
				IPHONEOS_DEPLOYMENT_TARGET = 16.4;
				LD_RUNPATH_SEARCH_PATHS = "@executable_path/Frameworks";
				"LD_RUNPATH_SEARCH_PATHS[sdk=macosx*]" = "@executable_path/../Frameworks";
				MACOSX_DEPLOYMENT_TARGET = 13.0;
				MARKETING_VERSION = 1.0;
				PRODUCT_BUNDLE_IDENTIFIER = "com.ipavlov.DI-SuiteCraft";
				PRODUCT_NAME = "$(TARGET_NAME)";
				SDKROOT = auto;
				SUPPORTED_PLATFORMS = "iphoneos iphonesimulator macosx";
				SWIFT_EMIT_LOC_STRINGS = YES;
				SWIFT_VERSION = 5.0;
				TARGETED_DEVICE_FAMILY = "1,2";
			};
			name = Release;
		};
		0871FD4E2A79F6920069AC6C /* Debug */ = {
			isa = XCBuildConfiguration;
			buildSettings = {
				ALWAYS_EMBED_SWIFT_STANDARD_LIBRARIES = YES;
				BUNDLE_LOADER = "$(TEST_HOST)";
				CLANG_ENABLE_MODULES = YES;
				CODE_SIGN_STYLE = Automatic;
				CURRENT_PROJECT_VERSION = 1;
				DEVELOPMENT_TEAM = 25DZPJJA4Y;
				GENERATE_INFOPLIST_FILE = YES;
				IPHONEOS_DEPLOYMENT_TARGET = 16.4;
				MACOSX_DEPLOYMENT_TARGET = 13.0;
				MARKETING_VERSION = 1.0;
				PRODUCT_BUNDLE_IDENTIFIER = "com.ipavlov.DI-SuiteCraftTests";
				PRODUCT_NAME = "$(TARGET_NAME)";
				SDKROOT = auto;
				SUPPORTED_PLATFORMS = "iphoneos iphonesimulator macosx";
				SWIFT_EMIT_LOC_STRINGS = NO;
				SWIFT_OPTIMIZATION_LEVEL = "-Onone";
				SWIFT_VERSION = 5.0;
				TARGETED_DEVICE_FAMILY = "1,2";
				TEST_HOST = "$(BUILT_PRODUCTS_DIR)/DI-SuiteCraft.app/$(BUNDLE_EXECUTABLE_FOLDER_PATH)/DI-SuiteCraft";
			};
			name = Debug;
		};
		0871FD4F2A79F6920069AC6C /* Release */ = {
			isa = XCBuildConfiguration;
			buildSettings = {
				ALWAYS_EMBED_SWIFT_STANDARD_LIBRARIES = YES;
				BUNDLE_LOADER = "$(TEST_HOST)";
				CLANG_ENABLE_MODULES = YES;
				CODE_SIGN_STYLE = Automatic;
				CURRENT_PROJECT_VERSION = 1;
				DEVELOPMENT_TEAM = 25DZPJJA4Y;
				GENERATE_INFOPLIST_FILE = YES;
				IPHONEOS_DEPLOYMENT_TARGET = 16.4;
				MACOSX_DEPLOYMENT_TARGET = 13.0;
				MARKETING_VERSION = 1.0;
				PRODUCT_BUNDLE_IDENTIFIER = "com.ipavlov.DI-SuiteCraftTests";
				PRODUCT_NAME = "$(TARGET_NAME)";
				SDKROOT = auto;
				SUPPORTED_PLATFORMS = "iphoneos iphonesimulator macosx";
				SWIFT_EMIT_LOC_STRINGS = NO;
				SWIFT_VERSION = 5.0;
				TARGETED_DEVICE_FAMILY = "1,2";
				TEST_HOST = "$(BUILT_PRODUCTS_DIR)/DI-SuiteCraft.app/$(BUNDLE_EXECUTABLE_FOLDER_PATH)/DI-SuiteCraft";
			};
			name = Release;
		};
		0871FD512A79F6920069AC6C /* Debug */ = {
			isa = XCBuildConfiguration;
			buildSettings = {
				ALWAYS_EMBED_SWIFT_STANDARD_LIBRARIES = YES;
				CODE_SIGN_STYLE = Automatic;
				CURRENT_PROJECT_VERSION = 1;
				DEVELOPMENT_TEAM = 25DZPJJA4Y;
				GENERATE_INFOPLIST_FILE = YES;
				IPHONEOS_DEPLOYMENT_TARGET = 16.4;
				MACOSX_DEPLOYMENT_TARGET = 13.0;
				MARKETING_VERSION = 1.0;
				PRODUCT_BUNDLE_IDENTIFIER = "com.ipavlov.DI-SuiteCraftUITests";
				PRODUCT_NAME = "$(TARGET_NAME)";
				SDKROOT = auto;
				SUPPORTED_PLATFORMS = "iphoneos iphonesimulator macosx";
				SWIFT_EMIT_LOC_STRINGS = NO;
				SWIFT_VERSION = 5.0;
				TARGETED_DEVICE_FAMILY = "1,2";
				TEST_TARGET_NAME = "DI-SuiteCraft";
			};
			name = Debug;
		};
		0871FD522A79F6920069AC6C /* Release */ = {
			isa = XCBuildConfiguration;
			buildSettings = {
				ALWAYS_EMBED_SWIFT_STANDARD_LIBRARIES = YES;
				CODE_SIGN_STYLE = Automatic;
				CURRENT_PROJECT_VERSION = 1;
				DEVELOPMENT_TEAM = 25DZPJJA4Y;
				GENERATE_INFOPLIST_FILE = YES;
				IPHONEOS_DEPLOYMENT_TARGET = 16.4;
				MACOSX_DEPLOYMENT_TARGET = 13.0;
				MARKETING_VERSION = 1.0;
				PRODUCT_BUNDLE_IDENTIFIER = "com.ipavlov.DI-SuiteCraftUITests";
				PRODUCT_NAME = "$(TARGET_NAME)";
				SDKROOT = auto;
				SUPPORTED_PLATFORMS = "iphoneos iphonesimulator macosx";
				SWIFT_EMIT_LOC_STRINGS = NO;
				SWIFT_VERSION = 5.0;
				TARGETED_DEVICE_FAMILY = "1,2";
				TEST_TARGET_NAME = "DI-SuiteCraft";
			};
			name = Release;
		};
/* End XCBuildConfiguration section */

/* Begin XCConfigurationList section */
		0871FD202A79F6910069AC6C /* Build configuration list for PBXProject "DI-SuiteCraft" */ = {
			isa = XCConfigurationList;
			buildConfigurations = (
				0871FD482A79F6920069AC6C /* Debug */,
				0871FD492A79F6920069AC6C /* Release */,
			);
			defaultConfigurationIsVisible = 0;
			defaultConfigurationName = Release;
		};
		0871FD4A2A79F6920069AC6C /* Build configuration list for PBXNativeTarget "DI-SuiteCraft" */ = {
			isa = XCConfigurationList;
			buildConfigurations = (
				0871FD4B2A79F6920069AC6C /* Debug */,
				0871FD4C2A79F6920069AC6C /* Release */,
			);
			defaultConfigurationIsVisible = 0;
			defaultConfigurationName = Release;
		};
		0871FD4D2A79F6920069AC6C /* Build configuration list for PBXNativeTarget "DI-SuiteCraftTests" */ = {
			isa = XCConfigurationList;
			buildConfigurations = (
				0871FD4E2A79F6920069AC6C /* Debug */,
				0871FD4F2A79F6920069AC6C /* Release */,
			);
			defaultConfigurationIsVisible = 0;
			defaultConfigurationName = Release;
		};
		0871FD502A79F6920069AC6C /* Build configuration list for PBXNativeTarget "DI-SuiteCraftUITests" */ = {
			isa = XCConfigurationList;
			buildConfigurations = (
				0871FD512A79F6920069AC6C /* Debug */,
				0871FD522A79F6920069AC6C /* Release */,
			);
			defaultConfigurationIsVisible = 0;
			defaultConfigurationName = Release;
		};
/* End XCConfigurationList section */
	};
	rootObject = 0871FD1D2A79F6910069AC6C /* Project object */;
}
